// !$*UTF8*$!
{
	archiveVersion = 1;
	classes = {
	};
	objectVersion = 48;
	objects = {

/* Begin PBXBuildFile section */
		28DC7F471F80E87000240CAB /* AppDelegate.swift in Sources */ = {isa = PBXBuildFile; fileRef = 28DC7F461F80E87000240CAB /* AppDelegate.swift */; };
		28DC7F491F80E87000240CAB /* art.scnassets in Resources */ = {isa = PBXBuildFile; fileRef = 28DC7F481F80E87000240CAB /* art.scnassets */; };
		28DC7F4B1F80E87000240CAB /* ViewController.swift in Sources */ = {isa = PBXBuildFile; fileRef = 28DC7F4A1F80E87000240CAB /* ViewController.swift */; };
		28DC7F4E1F80E87000240CAB /* Main.storyboard in Resources */ = {isa = PBXBuildFile; fileRef = 28DC7F4C1F80E87000240CAB /* Main.storyboard */; };
		28DC7F501F80E87000240CAB /* Assets.xcassets in Resources */ = {isa = PBXBuildFile; fileRef = 28DC7F4F1F80E87000240CAB /* Assets.xcassets */; };
		28DC7F531F80E87000240CAB /* LaunchScreen.storyboard in Resources */ = {isa = PBXBuildFile; fileRef = 28DC7F511F80E87000240CAB /* LaunchScreen.storyboard */; };
/* End PBXBuildFile section */

/* Begin PBXFileReference section */
		28DC7F431F80E87000240CAB /* GetStARted.app */ = {isa = PBXFileReference; explicitFileType = wrapper.application; includeInIndex = 0; path = GetStARted.app; sourceTree = BUILT_PRODUCTS_DIR; };
		28DC7F461F80E87000240CAB /* AppDelegate.swift */ = {isa = PBXFileReference; lastKnownFileType = sourcecode.swift; path = AppDelegate.swift; sourceTree = "<group>"; };
		28DC7F481F80E87000240CAB /* art.scnassets */ = {isa = PBXFileReference; lastKnownFileType = wrapper.scnassets; path = art.scnassets; sourceTree = "<group>"; };
		28DC7F4A1F80E87000240CAB /* ViewController.swift */ = {isa = PBXFileReference; lastKnownFileType = sourcecode.swift; path = ViewController.swift; sourceTree = "<group>"; };
		28DC7F4D1F80E87000240CAB /* Base */ = {isa = PBXFileReference; lastKnownFileType = file.storyboard; name = Base; path = Base.lproj/Main.storyboard; sourceTree = "<group>"; };
		28DC7F4F1F80E87000240CAB /* Assets.xcassets */ = {isa = PBXFileReference; lastKnownFileType = folder.assetcatalog; path = Assets.xcassets; sourceTree = "<group>"; };
		28DC7F521F80E87000240CAB /* Base */ = {isa = PBXFileReference; lastKnownFileType = file.storyboard; name = Base; path = Base.lproj/LaunchScreen.storyboard; sourceTree = "<group>"; };
		28DC7F541F80E87000240CAB /* Info.plist */ = {isa = PBXFileReference; lastKnownFileType = text.plist.xml; path = Info.plist; sourceTree = "<group>"; };
/* End PBXFileReference section */

/* Begin PBXFrameworksBuildPhase section */
		28DC7F401F80E87000240CAB /* Frameworks */ = {
			isa = PBXFrameworksBuildPhase;
			buildActionMask = 2147483647;
			files = (
			);
			runOnlyForDeploymentPostprocessing = 0;
		};
/* End PBXFrameworksBuildPhase section */

/* Begin PBXGroup section */
		28DC7F3A1F80E87000240CAB = {
			isa = PBXGroup;
			children = (
				28DC7F451F80E87000240CAB /* GetStARted */,
				28DC7F441F80E87000240CAB /* Products */,
			);
			sourceTree = "<group>";
		};
		28DC7F441F80E87000240CAB /* Products */ = {
			isa = PBXGroup;
			children = (
				28DC7F431F80E87000240CAB /* GetStARted.app */,
			);
			name = Products;
			sourceTree = "<group>";
		};
		28DC7F451F80E87000240CAB /* GetStARted */ = {
			isa = PBXGroup;
			children = (
				28DC7F461F80E87000240CAB /* AppDelegate.swift */,
				28DC7F481F80E87000240CAB /* art.scnassets */,
				28DC7F4A1F80E87000240CAB /* ViewController.swift */,
				28DC7F4C1F80E87000240CAB /* Main.storyboard */,
				28DC7F4F1F80E87000240CAB /* Assets.xcassets */,
				28DC7F511F80E87000240CAB /* LaunchScreen.storyboard */,
				28DC7F541F80E87000240CAB /* Info.plist */,
			);
			path = GetStARted;
			sourceTree = "<group>";
		};
/* End PBXGroup section */

/* Begin PBXNativeTarget section */
		28DC7F421F80E87000240CAB /* GetStARted */ = {
			isa = PBXNativeTarget;
			buildConfigurationList = 28DC7F571F80E87000240CAB /* Build configuration list for PBXNativeTarget "GetStARted" */;
			buildPhases = (
				28DC7F3F1F80E87000240CAB /* Sources */,
				28DC7F401F80E87000240CAB /* Frameworks */,
				28DC7F411F80E87000240CAB /* Resources */,
			);
			buildRules = (
			);
			dependencies = (
			);
			name = GetStARted;
			productName = GetStARted;
			productReference = 28DC7F431F80E87000240CAB /* GetStARted.app */;
			productType = "com.apple.product-type.application";
		};
/* End PBXNativeTarget section */

/* Begin PBXProject section */
		28DC7F3B1F80E87000240CAB /* Project object */ = {
			isa = PBXProject;
			attributes = {
				LastSwiftUpdateCheck = 0910;
				LastUpgradeCheck = 0910;
				ORGANIZATIONNAME = "Markus Mühlberger";
				TargetAttributes = {
					28DC7F421F80E87000240CAB = {
						CreatedOnToolsVersion = 9.1;
						ProvisioningStyle = Automatic;
					};
				};
			};
			buildConfigurationList = 28DC7F3E1F80E87000240CAB /* Build configuration list for PBXProject "GetStARted" */;
			compatibilityVersion = "Xcode 8.0";
			developmentRegion = en;
			hasScannedForEncodings = 0;
			knownRegions = (
				en,
				Base,
			);
			mainGroup = 28DC7F3A1F80E87000240CAB;
			productRefGroup = 28DC7F441F80E87000240CAB /* Products */;
			projectDirPath = "";
			projectRoot = "";
			targets = (
				28DC7F421F80E87000240CAB /* GetStARted */,
			);
		};
/* End PBXProject section */

/* Begin PBXResourcesBuildPhase section */
		28DC7F411F80E87000240CAB /* Resources */ = {
			isa = PBXResourcesBuildPhase;
			buildActionMask = 2147483647;
			files = (
				28DC7F491F80E87000240CAB /* art.scnassets in Resources */,
				28DC7F531F80E87000240CAB /* LaunchScreen.storyboard in Resources */,
				28DC7F501F80E87000240CAB /* Assets.xcassets in Resources */,
				28DC7F4E1F80E87000240CAB /* Main.storyboard in Resources */,
			);
			runOnlyForDeploymentPostprocessing = 0;
		};
/* End PBXResourcesBuildPhase section */

/* Begin PBXSourcesBuildPhase section */
		28DC7F3F1F80E87000240CAB /* Sources */ = {
			isa = PBXSourcesBuildPhase;
			buildActionMask = 2147483647;
			files = (
				28DC7F4B1F80E87000240CAB /* ViewController.swift in Sources */,
				28DC7F471F80E87000240CAB /* AppDelegate.swift in Sources */,
			);
			runOnlyForDeploymentPostprocessing = 0;
		};
/* End PBXSourcesBuildPhase section */

/* Begin PBXVariantGroup section */
		28DC7F4C1F80E87000240CAB /* Main.storyboard */ = {
			isa = PBXVariantGroup;
			children = (
				28DC7F4D1F80E87000240CAB /* Base */,
			);
			name = Main.storyboard;
			sourceTree = "<group>";
		};
		28DC7F511F80E87000240CAB /* LaunchScreen.storyboard */ = {
			isa = PBXVariantGroup;
			children = (
				28DC7F521F80E87000240CAB /* Base */,
			);
			name = LaunchScreen.storyboard;
			sourceTree = "<group>";
		};
/* End PBXVariantGroup section */

/* Begin XCBuildConfiguration section */
		28DC7F551F80E87000240CAB /* Debug */ = {
			isa = XCBuildConfiguration;
			buildSettings = {
				ALWAYS_SEARCH_USER_PATHS = NO;
				CLANG_ANALYZER_NONNULL = YES;
				CLANG_ANALYZER_NUMBER_OBJECT_CONVERSION = YES_AGGRESSIVE;
				CLANG_CXX_LANGUAGE_STANDARD = "gnu++14";
				CLANG_CXX_LIBRARY = "libc++";
				CLANG_ENABLE_MODULES = YES;
				CLANG_ENABLE_OBJC_ARC = YES;
				CLANG_WARN_BLOCK_CAPTURE_AUTORELEASING = YES;
				CLANG_WARN_BOOL_CONVERSION = YES;
				CLANG_WARN_COMMA = YES;
				CLANG_WARN_CONSTANT_CONVERSION = YES;
				CLANG_WARN_DIRECT_OBJC_ISA_USAGE = YES_ERROR;
				CLANG_WARN_DOCUMENTATION_COMMENTS = YES;
				CLANG_WARN_EMPTY_BODY = YES;
				CLANG_WARN_ENUM_CONVERSION = YES;
				CLANG_WARN_INFINITE_RECURSION = YES;
				CLANG_WARN_INT_CONVERSION = YES;
				CLANG_WARN_NON_LITERAL_NULL_CONVERSION = YES;
				CLANG_WARN_OBJC_LITERAL_CONVERSION = YES;
				CLANG_WARN_OBJC_ROOT_CLASS = YES_ERROR;
				CLANG_WARN_RANGE_LOOP_ANALYSIS = YES;
				CLANG_WARN_STRICT_PROTOTYPES = YES;
				CLANG_WARN_SUSPICIOUS_MOVE = YES;
				CLANG_WARN_UNGUARDED_AVAILABILITY = YES_AGGRESSIVE;
				CLANG_WARN_UNREACHABLE_CODE = YES;
				CLANG_WARN__DUPLICATE_METHOD_MATCH = YES;
				CODE_SIGN_IDENTITY = "iPhone Developer";
				COPY_PHASE_STRIP = NO;
				DEBUG_INFORMATION_FORMAT = dwarf;
				ENABLE_STRICT_OBJC_MSGSEND = YES;
				ENABLE_TESTABILITY = YES;
				GCC_C_LANGUAGE_STANDARD = gnu11;
				GCC_DYNAMIC_NO_PIC = NO;
				GCC_NO_COMMON_BLOCKS = YES;
				GCC_OPTIMIZATION_LEVEL = 0;
				GCC_PREPROCESSOR_DEFINITIONS = (
					"DEBUG=1",
					"$(inherited)",
				);
				GCC_WARN_64_TO_32_BIT_CONVERSION = YES;
				GCC_WARN_ABOUT_RETURN_TYPE = YES_ERROR;
				GCC_WARN_UNDECLARED_SELECTOR = YES;
				GCC_WARN_UNINITIALIZED_AUTOS = YES_AGGRESSIVE;
				GCC_WARN_UNUSED_FUNCTION = YES;
				GCC_WARN_UNUSED_VARIABLE = YES;
				IPHONEOS_DEPLOYMENT_TARGET = 11.1;
				MTL_ENABLE_DEBUG_INFO = YES;
				ONLY_ACTIVE_ARCH = YES;
				SDKROOT = iphoneos;
				SWIFT_ACTIVE_COMPILATION_CONDITIONS = DEBUG;
				SWIFT_OPTIMIZATION_LEVEL = "-Onone";
			};
			name = Debug;
		};
		28DC7F561F80E87000240CAB /* Release */ = {
			isa = XCBuildConfiguration;
			buildSettings = {
				ALWAYS_SEARCH_USER_PATHS = NO;
				CLANG_ANALYZER_NONNULL = YES;
				CLANG_ANALYZER_NUMBER_OBJECT_CONVERSION = YES_AGGRESSIVE;
				CLANG_CXX_LANGUAGE_STANDARD = "gnu++14";
				CLANG_CXX_LIBRARY = "libc++";
				CLANG_ENABLE_MODULES = YES;
				CLANG_ENABLE_OBJC_ARC = YES;
				CLANG_WARN_BLOCK_CAPTURE_AUTORELEASING = YES;
				CLANG_WARN_BOOL_CONVERSION = YES;
				CLANG_WARN_COMMA = YES;
				CLANG_WARN_CONSTANT_CONVERSION = YES;
				CLANG_WARN_DIRECT_OBJC_ISA_USAGE = YES_ERROR;
				CLANG_WARN_DOCUMENTATION_COMMENTS = YES;
				CLANG_WARN_EMPTY_BODY = YES;
				CLANG_WARN_ENUM_CONVERSION = YES;
				CLANG_WARN_INFINITE_RECURSION = YES;
				CLANG_WARN_INT_CONVERSION = YES;
				CLANG_WARN_NON_LITERAL_NULL_CONVERSION = YES;
				CLANG_WARN_OBJC_LITERAL_CONVERSION = YES;
				CLANG_WARN_OBJC_ROOT_CLASS = YES_ERROR;
				CLANG_WARN_RANGE_LOOP_ANALYSIS = YES;
				CLANG_WARN_STRICT_PROTOTYPES = YES;
				CLANG_WARN_SUSPICIOUS_MOVE = YES;
				CLANG_WARN_UNGUARDED_AVAILABILITY = YES_AGGRESSIVE;
				CLANG_WARN_UNREACHABLE_CODE = YES;
				CLANG_WARN__DUPLICATE_METHOD_MATCH = YES;
				CODE_SIGN_IDENTITY = "iPhone Developer";
				COPY_PHASE_STRIP = NO;
				DEBUG_INFORMATION_FORMAT = "dwarf-with-dsym";
				ENABLE_NS_ASSERTIONS = NO;
				ENABLE_STRICT_OBJC_MSGSEND = YES;
				GCC_C_LANGUAGE_STANDARD = gnu11;
				GCC_NO_COMMON_BLOCKS = YES;
				GCC_WARN_64_TO_32_BIT_CONVERSION = YES;
				GCC_WARN_ABOUT_RETURN_TYPE = YES_ERROR;
				GCC_WARN_UNDECLARED_SELECTOR = YES;
				GCC_WARN_UNINITIALIZED_AUTOS = YES_AGGRESSIVE;
				GCC_WARN_UNUSED_FUNCTION = YES;
				GCC_WARN_UNUSED_VARIABLE = YES;
				IPHONEOS_DEPLOYMENT_TARGET = 11.1;
				MTL_ENABLE_DEBUG_INFO = NO;
				SDKROOT = iphoneos;
				SWIFT_OPTIMIZATION_LEVEL = "-Owholemodule";
				VALIDATE_PRODUCT = YES;
			};
			name = Release;
		};
		28DC7F581F80E87000240CAB /* Debug */ = {
			isa = XCBuildConfiguration;
			buildSettings = {
				ASSETCATALOG_COMPILER_APPICON_NAME = AppIcon;
				CODE_SIGN_STYLE = Automatic;
				DEVELOPMENT_TEAM = 9K4TF35A5K;
				INFOPLIST_FILE = GetStARted/Info.plist;
				LD_RUNPATH_SEARCH_PATHS = "$(inherited) @executable_path/Frameworks";
				PRODUCT_BUNDLE_IDENTIFIER = com.mmuehlberger.GetStARted;
				PRODUCT_NAME = "$(TARGET_NAME)";
				SWIFT_VERSION = 4.0;
				TARGETED_DEVICE_FAMILY = "1,2";
			};
			name = Debug;
		};
		28DC7F591F80E87000240CAB /* Release */ = {
			isa = XCBuildConfiguration;
			buildSettings = {
				ASSETCATALOG_COMPILER_APPICON_NAME = AppIcon;
				CODE_SIGN_STYLE = Automatic;
				DEVELOPMENT_TEAM = 9K4TF35A5K;
				INFOPLIST_FILE = GetStARted/Info.plist;
				LD_RUNPATH_SEARCH_PATHS = "$(inherited) @executable_path/Frameworks";
				PRODUCT_BUNDLE_IDENTIFIER = com.mmuehlberger.GetStARted;
				PRODUCT_NAME = "$(TARGET_NAME)";
				SWIFT_VERSION = 4.0;
				TARGETED_DEVICE_FAMILY = "1,2";
			};
			name = Release;
		};
/* End XCBuildConfiguration section */

/* Begin XCConfigurationList section */
		28DC7F3E1F80E87000240CAB /* Build configuration list for PBXProject "GetStARted" */ = {
			isa = XCConfigurationList;
			buildConfigurations = (
				28DC7F551F80E87000240CAB /* Debug */,
				28DC7F561F80E87000240CAB /* Release */,
			);
			defaultConfigurationIsVisible = 0;
			defaultConfigurationName = Release;
		};
		28DC7F571F80E87000240CAB /* Build configuration list for PBXNativeTarget "GetStARted" */ = {
			isa = XCConfigurationList;
			buildConfigurations = (
				28DC7F581F80E87000240CAB /* Debug */,
				28DC7F591F80E87000240CAB /* Release */,
			);
			defaultConfigurationIsVisible = 0;
			defaultConfigurationName = Release;
		};
/* End XCConfigurationList section */
	};
	rootObject = 28DC7F3B1F80E87000240CAB /* Project object */;
}
